
Microsoft Visual Studio Solution File, Format Version 12.00
# Visual Studio Version 16
VisualStudioVersion = 16.0.31129.286
MinimumVisualStudioVersion = 10.0.40219.1
Project("{9A19103F-16F7-4668-BE54-9A1E7A4F7556}") = "MowerApp", "MowerApp\MowerApp.csproj", "{3D7EDEC2-443E-4371-8972-841E30413D27}"
EndProject
Project("{9A19103F-16F7-4668-BE54-9A1E7A4F7556}") = "MowerAppTests", "MowerAppTests\MowerAppTests.csproj", "{450B4D3D-B256-481C-AF03-FAC2A9B513BF}"
EndProject
Project("{FAE04EC0-301F-11D3-BF4B-00C04F79EFBC}") = "MowerAppBddTests", "MowerAppBddTests\MowerAppBddTests.csproj", "{6BB748E1-225A-48AC-B343-DFEABE343F03}"
EndProject
Global
	GlobalSection(SolutionConfigurationPlatforms) = preSolution
		Debug|Any CPU = Debug|Any CPU
		Release|Any CPU = Release|Any CPU
	EndGlobalSection
	GlobalSection(ProjectConfigurationPlatforms) = postSolution
		{3D7EDEC2-443E-4371-8972-841E30413D27}.Debug|Any CPU.ActiveCfg = Debug|Any CPU
		{3D7EDEC2-443E-4371-8972-841E30413D27}.Debug|Any CPU.Build.0 = Debug|Any CPU
		{3D7EDEC2-443E-4371-8972-841E30413D27}.Release|Any CPU.ActiveCfg = Release|Any CPU
		{3D7EDEC2-443E-4371-8972-841E30413D27}.Release|Any CPU.Build.0 = Release|Any CPU
		{450B4D3D-B256-481C-AF03-FAC2A9B513BF}.Debug|Any CPU.ActiveCfg = Debug|Any CPU
		{450B4D3D-B256-481C-AF03-FAC2A9B513BF}.Debug|Any CPU.Build.0 = Debug|Any CPU
		{450B4D3D-B256-481C-AF03-FAC2A9B513BF}.Release|Any CPU.ActiveCfg = Release|Any CPU
		{450B4D3D-B256-481C-AF03-FAC2A9B513BF}.Release|Any CPU.Build.0 = Release|Any CPU
		{6BB748E1-225A-48AC-B343-DFEABE343F03}.Debug|Any CPU.ActiveCfg = Debug|Any CPU
		{6BB748E1-225A-48AC-B343-DFEABE343F03}.Debug|Any CPU.Build.0 = Debug|Any CPU
		{6BB748E1-225A-48AC-B343-DFEABE343F03}.Release|Any CPU.ActiveCfg = Release|Any CPU
		{6BB748E1-225A-48AC-B343-DFEABE343F03}.Release|Any CPU.Build.0 = Release|Any CPU
	EndGlobalSection
	GlobalSection(SolutionProperties) = preSolution
		HideSolutionNode = FALSE
	EndGlobalSection
	GlobalSection(ExtensibilityGlobals) = postSolution
		SolutionGuid = {679CF82A-894D-4F87-9422-EDEFE1806BFB}
	EndGlobalSection
EndGlobal
